
Microsoft Visual Studio Solution File, Format Version 12.00
# Visual Studio Version 17
VisualStudioVersion = 17.9.34902.65
MinimumVisualStudioVersion = 10.0.40219.1
Project("{FAE04EC0-301F-11D3-BF4B-00C04F79EFBC}") = "POS-System", "POS-System\POS-System.csproj", "{30B45C00-5728-4BE2-B03B-95B581ABC2A3}"
EndProject
Project("{FAE04EC0-301F-11D3-BF4B-00C04F79EFBC}") = "POS-System_BAL", "POS-System_BAL\POS-System_BAL.csproj", "{198A8A54-17AF-4CEF-B397-C47A78FD2E5D}"
EndProject
Project("{FAE04EC0-301F-11D3-BF4B-00C04F79EFBC}") = "POS-System_DAL", "POS-System_DAL\POS-System_DAL.csproj", "{902DE2AD-F7C7-4A2E-8DD5-41A101CAF712}"
EndProject
Global
	GlobalSection(SolutionConfigurationPlatforms) = preSolution
		Debug|Any CPU = Debug|Any CPU
		Release|Any CPU = Release|Any CPU
	EndGlobalSection
	GlobalSection(ProjectConfigurationPlatforms) = postSolution
		{30B45C00-5728-4BE2-B03B-95B581ABC2A3}.Debug|Any CPU.ActiveCfg = Debug|Any CPU
		{30B45C00-5728-4BE2-B03B-95B581ABC2A3}.Debug|Any CPU.Build.0 = Debug|Any CPU
		{30B45C00-5728-4BE2-B03B-95B581ABC2A3}.Release|Any CPU.ActiveCfg = Release|Any CPU
		{30B45C00-5728-4BE2-B03B-95B581ABC2A3}.Release|Any CPU.Build.0 = Release|Any CPU
		{198A8A54-17AF-4CEF-B397-C47A78FD2E5D}.Debug|Any CPU.ActiveCfg = Debug|Any CPU
		{198A8A54-17AF-4CEF-B397-C47A78FD2E5D}.Debug|Any CPU.Build.0 = Debug|Any CPU
		{198A8A54-17AF-4CEF-B397-C47A78FD2E5D}.Release|Any CPU.ActiveCfg = Release|Any CPU
		{198A8A54-17AF-4CEF-B397-C47A78FD2E5D}.Release|Any CPU.Build.0 = Release|Any CPU
		{902DE2AD-F7C7-4A2E-8DD5-41A101CAF712}.Debug|Any CPU.ActiveCfg = Debug|Any CPU
		{902DE2AD-F7C7-4A2E-8DD5-41A101CAF712}.Debug|Any CPU.Build.0 = Debug|Any CPU
		{902DE2AD-F7C7-4A2E-8DD5-41A101CAF712}.Release|Any CPU.ActiveCfg = Release|Any CPU
		{902DE2AD-F7C7-4A2E-8DD5-41A101CAF712}.Release|Any CPU.Build.0 = Release|Any CPU
	EndGlobalSection
	GlobalSection(SolutionProperties) = preSolution
		HideSolutionNode = FALSE
	EndGlobalSection
	GlobalSection(ExtensibilityGlobals) = postSolution
		SolutionGuid = {7EB5C270-45A8-4537-A5B7-CDF920AC486E}
	EndGlobalSection
EndGlobal
